
Microsoft Visual Studio Solution File, Format Version 12.00
# Visual Studio Version 17
VisualStudioVersion = 17.3.32819.101
MinimumVisualStudioVersion = 10.0.40219.1
Project("{FAE04EC0-301F-11D3-BF4B-00C04F79EFBC}") = "RegistroCandidatos", "RegistroCandidatos\RegistroCandidatos.csproj", "{61254BE0-32F4-443E-9FF6-48A039E6590E}"
EndProject
Global
	GlobalSection(SolutionConfigurationPlatforms) = preSolution
		Debug|Any CPU = Debug|Any CPU
		Release|Any CPU = Release|Any CPU
	EndGlobalSection
	GlobalSection(ProjectConfigurationPlatforms) = postSolution
		{61254BE0-32F4-443E-9FF6-48A039E6590E}.Debug|Any CPU.ActiveCfg = Debug|Any CPU
		{61254BE0-32F4-443E-9FF6-48A039E6590E}.Debug|Any CPU.Build.0 = Debug|Any CPU
		{61254BE0-32F4-443E-9FF6-48A039E6590E}.Release|Any CPU.ActiveCfg = Release|Any CPU
		{61254BE0-32F4-443E-9FF6-48A039E6590E}.Release|Any CPU.Build.0 = Release|Any CPU
	EndGlobalSection
	GlobalSection(SolutionProperties) = preSolution
		HideSolutionNode = FALSE
	EndGlobalSection
	GlobalSection(ExtensibilityGlobals) = postSolution
		SolutionGuid = {F6E9BF1D-398B-4CF3-9E57-A64E9EBDFE50}
	EndGlobalSection
EndGlobal
